
Microsoft Visual Studio Solution File, Format Version 12.00
# Visual Studio Version 16
VisualStudioVersion = 16.0.30011.22
MinimumVisualStudioVersion = 10.0.40219.1
Project("{FAE04EC0-301F-11D3-BF4B-00C04F79EFBC}") = "Ejercicio 6", "Ejercicio 6\Ejercicio 6.csproj", "{BA1C8E30-F15C-4FE4-8E83-9FEBA4B585B9}"
EndProject
Global
	GlobalSection(SolutionConfigurationPlatforms) = preSolution
		Debug|Any CPU = Debug|Any CPU
		Release|Any CPU = Release|Any CPU
	EndGlobalSection
	GlobalSection(ProjectConfigurationPlatforms) = postSolution
		{BA1C8E30-F15C-4FE4-8E83-9FEBA4B585B9}.Debug|Any CPU.ActiveCfg = Debug|Any CPU
		{BA1C8E30-F15C-4FE4-8E83-9FEBA4B585B9}.Debug|Any CPU.Build.0 = Debug|Any CPU
		{BA1C8E30-F15C-4FE4-8E83-9FEBA4B585B9}.Release|Any CPU.ActiveCfg = Release|Any CPU
		{BA1C8E30-F15C-4FE4-8E83-9FEBA4B585B9}.Release|Any CPU.Build.0 = Release|Any CPU
	EndGlobalSection
	GlobalSection(SolutionProperties) = preSolution
		HideSolutionNode = FALSE
	EndGlobalSection
	GlobalSection(ExtensibilityGlobals) = postSolution
		SolutionGuid = {88C97CDF-EDD3-4112-87D4-0C4CC0E317E3}
	EndGlobalSection
EndGlobal
